// !$*UTF8*$!
{
	archiveVersion = 1;
	classes = {
	};
	objectVersion = 55;
	objects = {

/* Begin PBXBuildFile section */
		C428B5EE288562B700D56B67 /* Extensions.swift in Sources */ = {isa = PBXBuildFile; fileRef = C428B5ED288562B700D56B67 /* Extensions.swift */; };
		C42DD0532885DA8C00C3C679 /* WeatherIconInformation.swift in Sources */ = {isa = PBXBuildFile; fileRef = C42DD0522885DA8C00C3C679 /* WeatherIconInformation.swift */; };
		C443FACD2881BF8600DF94BB /* WeatherApp.swift in Sources */ = {isa = PBXBuildFile; fileRef = C443FACC2881BF8600DF94BB /* WeatherApp.swift */; };
		C443FACF2881BF8600DF94BB /* ContentView.swift in Sources */ = {isa = PBXBuildFile; fileRef = C443FACE2881BF8600DF94BB /* ContentView.swift */; };
		C443FAD12881BF8700DF94BB /* Assets.xcassets in Resources */ = {isa = PBXBuildFile; fileRef = C443FAD02881BF8700DF94BB /* Assets.xcassets */; };
		C443FAD42881BF8700DF94BB /* Preview Assets.xcassets in Resources */ = {isa = PBXBuildFile; fileRef = C443FAD32881BF8700DF94BB /* Preview Assets.xcassets */; };
		C443FADB2881BFEE00DF94BB /* LocationManager.swift in Sources */ = {isa = PBXBuildFile; fileRef = C443FADA2881BFEE00DF94BB /* LocationManager.swift */; };
		C443FADD2881FB6000DF94BB /* WelcomeView.swift in Sources */ = {isa = PBXBuildFile; fileRef = C443FADC2881FB6000DF94BB /* WelcomeView.swift */; };
		C443FADF288204F000DF94BB /* WeatherManager.swift in Sources */ = {isa = PBXBuildFile; fileRef = C443FADE288204F000DF94BB /* WeatherManager.swift */; };
		C47D976228855262000373E3 /* LoadingView.swift in Sources */ = {isa = PBXBuildFile; fileRef = C47D976128855262000373E3 /* LoadingView.swift */; };
		C4961AFF2886F19F00F5B959 /* IconManger.swift in Sources */ = {isa = PBXBuildFile; fileRef = C4961AFE2886F19E00F5B959 /* IconManger.swift */; };
		C4B2765A28855D7800BBBEE8 /* WeatherView.swift in Sources */ = {isa = PBXBuildFile; fileRef = C4B2765928855D7800BBBEE8 /* WeatherView.swift */; };
		C4B2765C28855DB900BBBEE8 /* ModelData.swift in Sources */ = {isa = PBXBuildFile; fileRef = C4B2765B28855DB900BBBEE8 /* ModelData.swift */; };
		C4B2765E28855DF000BBBEE8 /* weatherData.json in Resources */ = {isa = PBXBuildFile; fileRef = C4B2765D28855DF000BBBEE8 /* weatherData.json */; };
/* End PBXBuildFile section */

/* Begin PBXFileReference section */
		C428B5ED288562B700D56B67 /* Extensions.swift */ = {isa = PBXFileReference; lastKnownFileType = sourcecode.swift; path = Extensions.swift; sourceTree = "<group>"; };
		C42DD0522885DA8C00C3C679 /* WeatherIconInformation.swift */ = {isa = PBXFileReference; lastKnownFileType = sourcecode.swift; path = WeatherIconInformation.swift; sourceTree = "<group>"; };
		C42DD0542885F56A00C3C679 /* Info.plist */ = {isa = PBXFileReference; lastKnownFileType = text.plist; path = Info.plist; sourceTree = "<group>"; };
		C443FAC92881BF8600DF94BB /* Weather.app */ = {isa = PBXFileReference; explicitFileType = wrapper.application; includeInIndex = 0; path = Weather.app; sourceTree = BUILT_PRODUCTS_DIR; };
		C443FACC2881BF8600DF94BB /* WeatherApp.swift */ = {isa = PBXFileReference; lastKnownFileType = sourcecode.swift; path = WeatherApp.swift; sourceTree = "<group>"; };
		C443FACE2881BF8600DF94BB /* ContentView.swift */ = {isa = PBXFileReference; lastKnownFileType = sourcecode.swift; path = ContentView.swift; sourceTree = "<group>"; };
		C443FAD02881BF8700DF94BB /* Assets.xcassets */ = {isa = PBXFileReference; lastKnownFileType = folder.assetcatalog; path = Assets.xcassets; sourceTree = "<group>"; };
		C443FAD32881BF8700DF94BB /* Preview Assets.xcassets */ = {isa = PBXFileReference; lastKnownFileType = folder.assetcatalog; path = "Preview Assets.xcassets"; sourceTree = "<group>"; };
		C443FADA2881BFEE00DF94BB /* LocationManager.swift */ = {isa = PBXFileReference; lastKnownFileType = sourcecode.swift; path = LocationManager.swift; sourceTree = "<group>"; };
		C443FADC2881FB6000DF94BB /* WelcomeView.swift */ = {isa = PBXFileReference; lastKnownFileType = sourcecode.swift; path = WelcomeView.swift; sourceTree = "<group>"; };
		C443FADE288204F000DF94BB /* WeatherManager.swift */ = {isa = PBXFileReference; lastKnownFileType = sourcecode.swift; path = WeatherManager.swift; sourceTree = "<group>"; };
		C47D976128855262000373E3 /* LoadingView.swift */ = {isa = PBXFileReference; lastKnownFileType = sourcecode.swift; path = LoadingView.swift; sourceTree = "<group>"; };
		C4961AFE2886F19E00F5B959 /* IconManger.swift */ = {isa = PBXFileReference; lastKnownFileType = sourcecode.swift; path = IconManger.swift; sourceTree = "<group>"; };
		C4B2765928855D7800BBBEE8 /* WeatherView.swift */ = {isa = PBXFileReference; lastKnownFileType = sourcecode.swift; path = WeatherView.swift; sourceTree = "<group>"; };
		C4B2765B28855DB900BBBEE8 /* ModelData.swift */ = {isa = PBXFileReference; lastKnownFileType = sourcecode.swift; path = ModelData.swift; sourceTree = "<group>"; };
		C4B2765D28855DF000BBBEE8 /* weatherData.json */ = {isa = PBXFileReference; lastKnownFileType = text.json; path = weatherData.json; sourceTree = "<group>"; };
/* End PBXFileReference section */

/* Begin PBXFrameworksBuildPhase section */
		C443FAC62881BF8600DF94BB /* Frameworks */ = {
			isa = PBXFrameworksBuildPhase;
			buildActionMask = 2147483647;
			files = (
			);
			runOnlyForDeploymentPostprocessing = 0;
		};
/* End PBXFrameworksBuildPhase section */

/* Begin PBXGroup section */
		C43362A1288698E1000F59D5 /* Extensions */ = {
			isa = PBXGroup;
			children = (
				C428B5ED288562B700D56B67 /* Extensions.swift */,
			);
			path = Extensions;
			sourceTree = "<group>";
		};
		C443FAC02881BF8600DF94BB = {
			isa = PBXGroup;
			children = (
				C443FACB2881BF8600DF94BB /* Weather */,
				C443FACA2881BF8600DF94BB /* Products */,
			);
			sourceTree = "<group>";
		};
		C443FACA2881BF8600DF94BB /* Products */ = {
			isa = PBXGroup;
			children = (
				C443FAC92881BF8600DF94BB /* Weather.app */,
			);
			name = Products;
			sourceTree = "<group>";
		};
		C443FACB2881BF8600DF94BB /* Weather */ = {
			isa = PBXGroup;
			children = (
				C42DD0542885F56A00C3C679 /* Info.plist */,
				C443FACC2881BF8600DF94BB /* WeatherApp.swift */,
				C43362A1288698E1000F59D5 /* Extensions */,
				C443FAE1288207ED00DF94BB /* Views */,
				C443FAE0288207DA00DF94BB /* Manager */,
				C443FAD02881BF8700DF94BB /* Assets.xcassets */,
				C443FAD22881BF8700DF94BB /* Preview Content */,
			);
			path = Weather;
			sourceTree = "<group>";
		};
		C443FAD22881BF8700DF94BB /* Preview Content */ = {
			isa = PBXGroup;
			children = (
				C443FAD32881BF8700DF94BB /* Preview Assets.xcassets */,
				C4B2765B28855DB900BBBEE8 /* ModelData.swift */,
				C4B2765D28855DF000BBBEE8 /* weatherData.json */,
			);
			path = "Preview Content";
			sourceTree = "<group>";
		};
		C443FAE0288207DA00DF94BB /* Manager */ = {
			isa = PBXGroup;
			children = (
				C443FADA2881BFEE00DF94BB /* LocationManager.swift */,
				C443FADE288204F000DF94BB /* WeatherManager.swift */,
				C4961AFE2886F19E00F5B959 /* IconManger.swift */,
			);
			path = Manager;
			sourceTree = "<group>";
		};
		C443FAE1288207ED00DF94BB /* Views */ = {
			isa = PBXGroup;
			children = (
				C443FACE2881BF8600DF94BB /* ContentView.swift */,
				C47D976128855262000373E3 /* LoadingView.swift */,
				C42DD0522885DA8C00C3C679 /* WeatherIconInformation.swift */,
				C4B2765928855D7800BBBEE8 /* WeatherView.swift */,
				C443FADC2881FB6000DF94BB /* WelcomeView.swift */,
			);
			path = Views;
			sourceTree = "<group>";
		};
/* End PBXGroup section */

/* Begin PBXNativeTarget section */
		C443FAC82881BF8600DF94BB /* Weather */ = {
			isa = PBXNativeTarget;
			buildConfigurationList = C443FAD72881BF8700DF94BB /* Build configuration list for PBXNativeTarget "Weather" */;
			buildPhases = (
				C443FAC52881BF8600DF94BB /* Sources */,
				C443FAC62881BF8600DF94BB /* Frameworks */,
				C443FAC72881BF8600DF94BB /* Resources */,
			);
			buildRules = (
			);
			dependencies = (
			);
			name = Weather;
			productName = Weather;
			productReference = C443FAC92881BF8600DF94BB /* Weather.app */;
			productType = "com.apple.product-type.application";
		};
/* End PBXNativeTarget section */

/* Begin PBXProject section */
		C443FAC12881BF8600DF94BB /* Project object */ = {
			isa = PBXProject;
			attributes = {
				BuildIndependentTargetsInParallel = 1;
				LastSwiftUpdateCheck = 1340;
				LastUpgradeCheck = 1340;
				TargetAttributes = {
					C443FAC82881BF8600DF94BB = {
						CreatedOnToolsVersion = 13.4.1;
					};
				};
			};
			buildConfigurationList = C443FAC42881BF8600DF94BB /* Build configuration list for PBXProject "Weather" */;
			compatibilityVersion = "Xcode 13.0";
			developmentRegion = en;
			hasScannedForEncodings = 0;
			knownRegions = (
				en,
				Base,
			);
			mainGroup = C443FAC02881BF8600DF94BB;
			productRefGroup = C443FACA2881BF8600DF94BB /* Products */;
			projectDirPath = "";
			projectRoot = "";
			targets = (
				C443FAC82881BF8600DF94BB /* Weather */,
			);
		};
/* End PBXProject section */

/* Begin PBXResourcesBuildPhase section */
		C443FAC72881BF8600DF94BB /* Resources */ = {
			isa = PBXResourcesBuildPhase;
			buildActionMask = 2147483647;
			files = (
				C443FAD42881BF8700DF94BB /* Preview Assets.xcassets in Resources */,
				C4B2765E28855DF000BBBEE8 /* weatherData.json in Resources */,
				C443FAD12881BF8700DF94BB /* Assets.xcassets in Resources */,
			);
			runOnlyForDeploymentPostprocessing = 0;
		};
/* End PBXResourcesBuildPhase section */

/* Begin PBXSourcesBuildPhase section */
		C443FAC52881BF8600DF94BB /* Sources */ = {
			isa = PBXSourcesBuildPhase;
			buildActionMask = 2147483647;
			files = (
				C443FADF288204F000DF94BB /* WeatherManager.swift in Sources */,
				C42DD0532885DA8C00C3C679 /* WeatherIconInformation.swift in Sources */,
				C4961AFF2886F19F00F5B959 /* IconManger.swift in Sources */,
				C428B5EE288562B700D56B67 /* Extensions.swift in Sources */,
				C443FACF2881BF8600DF94BB /* ContentView.swift in Sources */,
				C443FACD2881BF8600DF94BB /* WeatherApp.swift in Sources */,
				C443FADB2881BFEE00DF94BB /* LocationManager.swift in Sources */,
				C443FADD2881FB6000DF94BB /* WelcomeView.swift in Sources */,
				C4B2765C28855DB900BBBEE8 /* ModelData.swift in Sources */,
				C4B2765A28855D7800BBBEE8 /* WeatherView.swift in Sources */,
				C47D976228855262000373E3 /* LoadingView.swift in Sources */,
			);
			runOnlyForDeploymentPostprocessing = 0;
		};
/* End PBXSourcesBuildPhase section */

/* Begin XCBuildConfiguration section */
		C443FAD52881BF8700DF94BB /* Debug */ = {
			isa = XCBuildConfiguration;
			buildSettings = {
				ALWAYS_SEARCH_USER_PATHS = NO;
				CLANG_ANALYZER_NONNULL = YES;
				CLANG_ANALYZER_NUMBER_OBJECT_CONVERSION = YES_AGGRESSIVE;
				CLANG_CXX_LANGUAGE_STANDARD = "gnu++17";
				CLANG_ENABLE_MODULES = YES;
				CLANG_ENABLE_OBJC_ARC = YES;
				CLANG_ENABLE_OBJC_WEAK = YES;
				CLANG_WARN_BLOCK_CAPTURE_AUTORELEASING = YES;
				CLANG_WARN_BOOL_CONVERSION = YES;
				CLANG_WARN_COMMA = YES;
				CLANG_WARN_CONSTANT_CONVERSION = YES;
				CLANG_WARN_DEPRECATED_OBJC_IMPLEMENTATIONS = YES;
				CLANG_WARN_DIRECT_OBJC_ISA_USAGE = YES_ERROR;
				CLANG_WARN_DOCUMENTATION_COMMENTS = YES;
				CLANG_WARN_EMPTY_BODY = YES;
				CLANG_WARN_ENUM_CONVERSION = YES;
				CLANG_WARN_INFINITE_RECURSION = YES;
				CLANG_WARN_INT_CONVERSION = YES;
				CLANG_WARN_NON_LITERAL_NULL_CONVERSION = YES;
				CLANG_WARN_OBJC_IMPLICIT_RETAIN_SELF = YES;
				CLANG_WARN_OBJC_LITERAL_CONVERSION = YES;
				CLANG_WARN_OBJC_ROOT_CLASS = YES_ERROR;
				CLANG_WARN_QUOTED_INCLUDE_IN_FRAMEWORK_HEADER = YES;
				CLANG_WARN_RANGE_LOOP_ANALYSIS = YES;
				CLANG_WARN_STRICT_PROTOTYPES = YES;
				CLANG_WARN_SUSPICIOUS_MOVE = YES;
				CLANG_WARN_UNGUARDED_AVAILABILITY = YES_AGGRESSIVE;
				CLANG_WARN_UNREACHABLE_CODE = YES;
				CLANG_WARN__DUPLICATE_METHOD_MATCH = YES;
				COPY_PHASE_STRIP = NO;
				DEBUG_INFORMATION_FORMAT = dwarf;
				ENABLE_STRICT_OBJC_MSGSEND = YES;
				ENABLE_TESTABILITY = YES;
				GCC_C_LANGUAGE_STANDARD = gnu11;
				GCC_DYNAMIC_NO_PIC = NO;
				GCC_NO_COMMON_BLOCKS = YES;
				GCC_OPTIMIZATION_LEVEL = 0;
				GCC_PREPROCESSOR_DEFINITIONS = (
					"DEBUG=1",
					"$(inherited)",
				);
				GCC_WARN_64_TO_32_BIT_CONVERSION = YES;
				GCC_WARN_ABOUT_RETURN_TYPE = YES_ERROR;
				GCC_WARN_UNDECLARED_SELECTOR = YES;
				GCC_WARN_UNINITIALIZED_AUTOS = YES_AGGRESSIVE;
				GCC_WARN_UNUSED_FUNCTION = YES;
				GCC_WARN_UNUSED_VARIABLE = YES;
				IPHONEOS_DEPLOYMENT_TARGET = 15.5;
				MTL_ENABLE_DEBUG_INFO = INCLUDE_SOURCE;
				MTL_FAST_MATH = YES;
				ONLY_ACTIVE_ARCH = YES;
				SDKROOT = iphoneos;
				SWIFT_ACTIVE_COMPILATION_CONDITIONS = DEBUG;
				SWIFT_OPTIMIZATION_LEVEL = "-Onone";
			};
			name = Debug;
		};
		C443FAD62881BF8700DF94BB /* Release */ = {
			isa = XCBuildConfiguration;
			buildSettings = {
				ALWAYS_SEARCH_USER_PATHS = NO;
				CLANG_ANALYZER_NONNULL = YES;
				CLANG_ANALYZER_NUMBER_OBJECT_CONVERSION = YES_AGGRESSIVE;
				CLANG_CXX_LANGUAGE_STANDARD = "gnu++17";
				CLANG_ENABLE_MODULES = YES;
				CLANG_ENABLE_OBJC_ARC = YES;
				CLANG_ENABLE_OBJC_WEAK = YES;
				CLANG_WARN_BLOCK_CAPTURE_AUTORELEASING = YES;
				CLANG_WARN_BOOL_CONVERSION = YES;
				CLANG_WARN_COMMA = YES;
				CLANG_WARN_CONSTANT_CONVERSION = YES;
				CLANG_WARN_DEPRECATED_OBJC_IMPLEMENTATIONS = YES;
				CLANG_WARN_DIRECT_OBJC_ISA_USAGE = YES_ERROR;
				CLANG_WARN_DOCUMENTATION_COMMENTS = YES;
				CLANG_WARN_EMPTY_BODY = YES;
				CLANG_WARN_ENUM_CONVERSION = YES;
				CLANG_WARN_INFINITE_RECURSION = YES;
				CLANG_WARN_INT_CONVERSION = YES;
				CLANG_WARN_NON_LITERAL_NULL_CONVERSION = YES;
				CLANG_WARN_OBJC_IMPLICIT_RETAIN_SELF = YES;
				CLANG_WARN_OBJC_LITERAL_CONVERSION = YES;
				CLANG_WARN_OBJC_ROOT_CLASS = YES_ERROR;
				CLANG_WARN_QUOTED_INCLUDE_IN_FRAMEWORK_HEADER = YES;
				CLANG_WARN_RANGE_LOOP_ANALYSIS = YES;
				CLANG_WARN_STRICT_PROTOTYPES = YES;
				CLANG_WARN_SUSPICIOUS_MOVE = YES;
				CLANG_WARN_UNGUARDED_AVAILABILITY = YES_AGGRESSIVE;
				CLANG_WARN_UNREACHABLE_CODE = YES;
				CLANG_WARN__DUPLICATE_METHOD_MATCH = YES;
				COPY_PHASE_STRIP = NO;
				DEBUG_INFORMATION_FORMAT = "dwarf-with-dsym";
				ENABLE_NS_ASSERTIONS = NO;
				ENABLE_STRICT_OBJC_MSGSEND = YES;
				GCC_C_LANGUAGE_STANDARD = gnu11;
				GCC_NO_COMMON_BLOCKS = YES;
				GCC_WARN_64_TO_32_BIT_CONVERSION = YES;
				GCC_WARN_ABOUT_RETURN_TYPE = YES_ERROR;
				GCC_WARN_UNDECLARED_SELECTOR = YES;
				GCC_WARN_UNINITIALIZED_AUTOS = YES_AGGRESSIVE;
				GCC_WARN_UNUSED_FUNCTION = YES;
				GCC_WARN_UNUSED_VARIABLE = YES;
				IPHONEOS_DEPLOYMENT_TARGET = 15.5;
				MTL_ENABLE_DEBUG_INFO = NO;
				MTL_FAST_MATH = YES;
				SDKROOT = iphoneos;
				SWIFT_COMPILATION_MODE = wholemodule;
				SWIFT_OPTIMIZATION_LEVEL = "-O";
				VALIDATE_PRODUCT = YES;
			};
			name = Release;
		};
		C443FAD82881BF8700DF94BB /* Debug */ = {
			isa = XCBuildConfiguration;
			buildSettings = {
				ASSETCATALOG_COMPILER_APPICON_NAME = AppIcon;
				ASSETCATALOG_COMPILER_GLOBAL_ACCENT_COLOR_NAME = AccentColor;
				CODE_SIGN_STYLE = Automatic;
				CURRENT_PROJECT_VERSION = 1;
				DEVELOPMENT_ASSET_PATHS = "\"Weather/Preview Content\"";
				DEVELOPMENT_TEAM = E3XDC9L563;
				ENABLE_PREVIEWS = YES;
				GENERATE_INFOPLIST_FILE = YES;
				INFOPLIST_FILE = Weather/Info.plist;
				INFOPLIST_KEY_UIApplicationSceneManifest_Generation = YES;
				INFOPLIST_KEY_UIApplicationSupportsIndirectInputEvents = YES;
				INFOPLIST_KEY_UILaunchScreen_Generation = YES;
				INFOPLIST_KEY_UISupportedInterfaceOrientations = UIInterfaceOrientationPortrait;
				INFOPLIST_KEY_UISupportedInterfaceOrientations_iPad = "UIInterfaceOrientationPortrait UIInterfaceOrientationPortraitUpsideDown UIInterfaceOrientationLandscapeLeft UIInterfaceOrientationLandscapeRight";
				INFOPLIST_KEY_UISupportedInterfaceOrientations_iPhone = UIInterfaceOrientationPortrait;
				IPHONEOS_DEPLOYMENT_TARGET = 15.0;
				LD_RUNPATH_SEARCH_PATHS = (
					"$(inherited)",
					"@executable_path/Frameworks",
				);
				MARKETING_VERSION = 1.0;
				PRODUCT_BUNDLE_IDENTIFIER = ubb.oprisorraul.Weather;
				PRODUCT_NAME = "$(TARGET_NAME)";
				SWIFT_EMIT_LOC_STRINGS = YES;
				SWIFT_VERSION = 5.0;
				TARGETED_DEVICE_FAMILY = "1,2";
			};
			name = Debug;
		};
		C443FAD92881BF8700DF94BB /* Release */ = {
			isa = XCBuildConfiguration;
			buildSettings = {
				ASSETCATALOG_COMPILER_APPICON_NAME = AppIcon;
				ASSETCATALOG_COMPILER_GLOBAL_ACCENT_COLOR_NAME = AccentColor;
				CODE_SIGN_STYLE = Automatic;
				CURRENT_PROJECT_VERSION = 1;
				DEVELOPMENT_ASSET_PATHS = "\"Weather/Preview Content\"";
				DEVELOPMENT_TEAM = E3XDC9L563;
				ENABLE_PREVIEWS = YES;
				GENERATE_INFOPLIST_FILE = YES;
				INFOPLIST_FILE = Weather/Info.plist;
				INFOPLIST_KEY_UIApplicationSceneManifest_Generation = YES;
				INFOPLIST_KEY_UIApplicationSupportsIndirectInputEvents = YES;
				INFOPLIST_KEY_UILaunchScreen_Generation = YES;
				INFOPLIST_KEY_UISupportedInterfaceOrientations = UIInterfaceOrientationPortrait;
				INFOPLIST_KEY_UISupportedInterfaceOrientations_iPad = "UIInterfaceOrientationPortrait UIInterfaceOrientationPortraitUpsideDown UIInterfaceOrientationLandscapeLeft UIInterfaceOrientationLandscapeRight";
				INFOPLIST_KEY_UISupportedInterfaceOrientations_iPhone = UIInterfaceOrientationPortrait;
				IPHONEOS_DEPLOYMENT_TARGET = 15.0;
				LD_RUNPATH_SEARCH_PATHS = (
					"$(inherited)",
					"@executable_path/Frameworks",
				);
				MARKETING_VERSION = 1.0;
				PRODUCT_BUNDLE_IDENTIFIER = ubb.oprisorraul.Weather;
				PRODUCT_NAME = "$(TARGET_NAME)";
				SWIFT_EMIT_LOC_STRINGS = YES;
				SWIFT_VERSION = 5.0;
				TARGETED_DEVICE_FAMILY = "1,2";
			};
			name = Release;
		};
/* End XCBuildConfiguration section */

/* Begin XCConfigurationList section */
		C443FAC42881BF8600DF94BB /* Build configuration list for PBXProject "Weather" */ = {
			isa = XCConfigurationList;
			buildConfigurations = (
				C443FAD52881BF8700DF94BB /* Debug */,
				C443FAD62881BF8700DF94BB /* Release */,
			);
			defaultConfigurationIsVisible = 0;
			defaultConfigurationName = Release;
		};
		C443FAD72881BF8700DF94BB /* Build configuration list for PBXNativeTarget "Weather" */ = {
			isa = XCConfigurationList;
			buildConfigurations = (
				C443FAD82881BF8700DF94BB /* Debug */,
				C443FAD92881BF8700DF94BB /* Release */,
			);
			defaultConfigurationIsVisible = 0;
			defaultConfigurationName = Release;
		};
/* End XCConfigurationList section */
	};
	rootObject = C443FAC12881BF8600DF94BB /* Project object */;
}
